
Microsoft Visual Studio Solution File, Format Version 12.00
# Visual Studio Version 17
VisualStudioVersion = 17.0.31903.59
MinimumVisualStudioVersion = 10.0.40219.1
Project("{2150E333-8FDC-42A3-9474-1A3956D46DE8}") = "src", "src", "{827E0CD3-B72D-47B6-A68D-7590B98EB39B}"
EndProject
Project("{FAE04EC0-301F-11D3-BF4B-00C04F79EFBC}") = "Wfm.Api", "src\Wfm.Api\Wfm.Api.csproj", "{F2619F55-2D31-47BF-BEEE-2ACE49B38DB6}"
EndProject
Project("{FAE04EC0-301F-11D3-BF4B-00C04F79EFBC}") = "Wfm.Application", "src\Wfm.Application\Wfm.Application.csproj", "{C89F577F-87D9-4A72-A483-7D38A77703E8}"
EndProject
Project("{FAE04EC0-301F-11D3-BF4B-00C04F79EFBC}") = "Wfm.Client", "src\Wfm.Client\Wfm.Client.csproj", "{FEDB8579-6FD6-4796-B74E-716123655BC7}"
EndProject
Project("{FAE04EC0-301F-11D3-BF4B-00C04F79EFBC}") = "Wfm.Domain", "src\Wfm.Domain\Wfm.Domain.csproj", "{0BFDB687-E121-47C8-9727-A9F979B818DB}"
EndProject
Project("{FAE04EC0-301F-11D3-BF4B-00C04F79EFBC}") = "Wfm.Infrastructure", "src\Wfm.Infrastructure\Wfm.Infrastructure.csproj", "{93412B94-56E1-42EB-8D0C-393CE95262AE}"
EndProject
Project("{FAE04EC0-301F-11D3-BF4B-00C04F79EFBC}") = "Wfm.Mobile", "src\Wfm.Mobile\Wfm.Mobile.csproj", "{D6968BAD-820F-46F2-938F-F660FFCE4AE1}"
EndProject
Project("{FAE04EC0-301F-11D3-BF4B-00C04F79EFBC}") = "Wfm.Shared.UI", "src\Wfm.Shared.UI\Wfm.Shared.UI.csproj", "{B3020FCA-A552-46A6-9992-980FD930EDC0}"
EndProject
Project("{FAE04EC0-301F-11D3-BF4B-00C04F79EFBC}") = "Wfm.Web", "src\Wfm.Web\Wfm.Web.csproj", "{A830925E-DCC1-4B52-BED4-05D3DFE19593}"
EndProject
Project("{2150E333-8FDC-42A3-9474-1A3956D46DE8}") = "tests", "tests", "{0AB3BF05-4346-4AA6-1389-037BE0695223}"
EndProject
Project("{FAE04EC0-301F-11D3-BF4B-00C04F79EFBC}") = "Wfm.Api.Tests", "tests\Wfm.Api.Tests\Wfm.Api.Tests.csproj", "{31E7B646-139D-4196-94EC-2179B0FABD1E}"
EndProject
Global
	GlobalSection(SolutionConfigurationPlatforms) = preSolution
		Debug|Any CPU = Debug|Any CPU
		Debug|x64 = Debug|x64
		Debug|x86 = Debug|x86
		Release|Any CPU = Release|Any CPU
		Release|x64 = Release|x64
		Release|x86 = Release|x86
	EndGlobalSection
	GlobalSection(ProjectConfigurationPlatforms) = postSolution
		{F2619F55-2D31-47BF-BEEE-2ACE49B38DB6}.Debug|Any CPU.ActiveCfg = Debug|Any CPU
		{F2619F55-2D31-47BF-BEEE-2ACE49B38DB6}.Debug|Any CPU.Build.0 = Debug|Any CPU
		{F2619F55-2D31-47BF-BEEE-2ACE49B38DB6}.Debug|x64.ActiveCfg = Debug|Any CPU
		{F2619F55-2D31-47BF-BEEE-2ACE49B38DB6}.Debug|x64.Build.0 = Debug|Any CPU
		{F2619F55-2D31-47BF-BEEE-2ACE49B38DB6}.Debug|x86.ActiveCfg = Debug|Any CPU
		{F2619F55-2D31-47BF-BEEE-2ACE49B38DB6}.Debug|x86.Build.0 = Debug|Any CPU
		{F2619F55-2D31-47BF-BEEE-2ACE49B38DB6}.Release|Any CPU.ActiveCfg = Release|Any CPU
		{F2619F55-2D31-47BF-BEEE-2ACE49B38DB6}.Release|Any CPU.Build.0 = Release|Any CPU
		{F2619F55-2D31-47BF-BEEE-2ACE49B38DB6}.Release|x64.ActiveCfg = Release|Any CPU
		{F2619F55-2D31-47BF-BEEE-2ACE49B38DB6}.Release|x64.Build.0 = Release|Any CPU
		{F2619F55-2D31-47BF-BEEE-2ACE49B38DB6}.Release|x86.ActiveCfg = Release|Any CPU
		{F2619F55-2D31-47BF-BEEE-2ACE49B38DB6}.Release|x86.Build.0 = Release|Any CPU
		{C89F577F-87D9-4A72-A483-7D38A77703E8}.Debug|Any CPU.ActiveCfg = Debug|Any CPU
		{C89F577F-87D9-4A72-A483-7D38A77703E8}.Debug|Any CPU.Build.0 = Debug|Any CPU
		{C89F577F-87D9-4A72-A483-7D38A77703E8}.Debug|x64.ActiveCfg = Debug|Any CPU
		{C89F577F-87D9-4A72-A483-7D38A77703E8}.Debug|x64.Build.0 = Debug|Any CPU
		{C89F577F-87D9-4A72-A483-7D38A77703E8}.Debug|x86.ActiveCfg = Debug|Any CPU
		{C89F577F-87D9-4A72-A483-7D38A77703E8}.Debug|x86.Build.0 = Debug|Any CPU
		{C89F577F-87D9-4A72-A483-7D38A77703E8}.Release|Any CPU.ActiveCfg = Release|Any CPU
		{C89F577F-87D9-4A72-A483-7D38A77703E8}.Release|Any CPU.Build.0 = Release|Any CPU
		{C89F577F-87D9-4A72-A483-7D38A77703E8}.Release|x64.ActiveCfg = Release|Any CPU
		{C89F577F-87D9-4A72-A483-7D38A77703E8}.Release|x64.Build.0 = Release|Any CPU
		{C89F577F-87D9-4A72-A483-7D38A77703E8}.Release|x86.ActiveCfg = Release|Any CPU
		{C89F577F-87D9-4A72-A483-7D38A77703E8}.Release|x86.Build.0 = Release|Any CPU
		{FEDB8579-6FD6-4796-B74E-716123655BC7}.Debug|Any CPU.ActiveCfg = Debug|Any CPU
		{FEDB8579-6FD6-4796-B74E-716123655BC7}.Debug|Any CPU.Build.0 = Debug|Any CPU
		{FEDB8579-6FD6-4796-B74E-716123655BC7}.Debug|x64.ActiveCfg = Debug|Any CPU
		{FEDB8579-6FD6-4796-B74E-716123655BC7}.Debug|x64.Build.0 = Debug|Any CPU
		{FEDB8579-6FD6-4796-B74E-716123655BC7}.Debug|x86.ActiveCfg = Debug|Any CPU
		{FEDB8579-6FD6-4796-B74E-716123655BC7}.Debug|x86.Build.0 = Debug|Any CPU
		{FEDB8579-6FD6-4796-B74E-716123655BC7}.Release|Any CPU.ActiveCfg = Release|Any CPU
		{FEDB8579-6FD6-4796-B74E-716123655BC7}.Release|Any CPU.Build.0 = Release|Any CPU
		{FEDB8579-6FD6-4796-B74E-716123655BC7}.Release|x64.ActiveCfg = Release|Any CPU
		{FEDB8579-6FD6-4796-B74E-716123655BC7}.Release|x64.Build.0 = Release|Any CPU
		{FEDB8579-6FD6-4796-B74E-716123655BC7}.Release|x86.ActiveCfg = Release|Any CPU
		{FEDB8579-6FD6-4796-B74E-716123655BC7}.Release|x86.Build.0 = Release|Any CPU
		{0BFDB687-E121-47C8-9727-A9F979B818DB}.Debug|Any CPU.ActiveCfg = Debug|Any CPU
		{0BFDB687-E121-47C8-9727-A9F979B818DB}.Debug|Any CPU.Build.0 = Debug|Any CPU
		{0BFDB687-E121-47C8-9727-A9F979B818DB}.Debug|x64.ActiveCfg = Debug|Any CPU
		{0BFDB687-E121-47C8-9727-A9F979B818DB}.Debug|x64.Build.0 = Debug|Any CPU
		{0BFDB687-E121-47C8-9727-A9F979B818DB}.Debug|x86.ActiveCfg = Debug|Any CPU
		{0BFDB687-E121-47C8-9727-A9F979B818DB}.Debug|x86.Build.0 = Debug|Any CPU
		{0BFDB687-E121-47C8-9727-A9F979B818DB}.Release|Any CPU.ActiveCfg = Release|Any CPU
		{0BFDB687-E121-47C8-9727-A9F979B818DB}.Release|Any CPU.Build.0 = Release|Any CPU
		{0BFDB687-E121-47C8-9727-A9F979B818DB}.Release|x64.ActiveCfg = Release|Any CPU
		{0BFDB687-E121-47C8-9727-A9F979B818DB}.Release|x64.Build.0 = Release|Any CPU
		{0BFDB687-E121-47C8-9727-A9F979B818DB}.Release|x86.ActiveCfg = Release|Any CPU
		{0BFDB687-E121-47C8-9727-A9F979B818DB}.Release|x86.Build.0 = Release|Any CPU
		{93412B94-56E1-42EB-8D0C-393CE95262AE}.Debug|Any CPU.ActiveCfg = Debug|Any CPU
		{93412B94-56E1-42EB-8D0C-393CE95262AE}.Debug|Any CPU.Build.0 = Debug|Any CPU
		{93412B94-56E1-42EB-8D0C-393CE95262AE}.Debug|x64.ActiveCfg = Debug|Any CPU
		{93412B94-56E1-42EB-8D0C-393CE95262AE}.Debug|x64.Build.0 = Debug|Any CPU
		{93412B94-56E1-42EB-8D0C-393CE95262AE}.Debug|x86.ActiveCfg = Debug|Any CPU
		{93412B94-56E1-42EB-8D0C-393CE95262AE}.Debug|x86.Build.0 = Debug|Any CPU
		{93412B94-56E1-42EB-8D0C-393CE95262AE}.Release|Any CPU.ActiveCfg = Release|Any CPU
		{93412B94-56E1-42EB-8D0C-393CE95262AE}.Release|Any CPU.Build.0 = Release|Any CPU
		{93412B94-56E1-42EB-8D0C-393CE95262AE}.Release|x64.ActiveCfg = Release|Any CPU
		{93412B94-56E1-42EB-8D0C-393CE95262AE}.Release|x64.Build.0 = Release|Any CPU
		{93412B94-56E1-42EB-8D0C-393CE95262AE}.Release|x86.ActiveCfg = Release|Any CPU
		{93412B94-56E1-42EB-8D0C-393CE95262AE}.Release|x86.Build.0 = Release|Any CPU
		{D6968BAD-820F-46F2-938F-F660FFCE4AE1}.Debug|Any CPU.ActiveCfg = Debug|Any CPU
		{D6968BAD-820F-46F2-938F-F660FFCE4AE1}.Debug|Any CPU.Build.0 = Debug|Any CPU
		{D6968BAD-820F-46F2-938F-F660FFCE4AE1}.Debug|x64.ActiveCfg = Debug|Any CPU
		{D6968BAD-820F-46F2-938F-F660FFCE4AE1}.Debug|x64.Build.0 = Debug|Any CPU
		{D6968BAD-820F-46F2-938F-F660FFCE4AE1}.Debug|x86.ActiveCfg = Debug|Any CPU
		{D6968BAD-820F-46F2-938F-F660FFCE4AE1}.Debug|x86.Build.0 = Debug|Any CPU
		{D6968BAD-820F-46F2-938F-F660FFCE4AE1}.Release|Any CPU.ActiveCfg = Release|Any CPU
		{D6968BAD-820F-46F2-938F-F660FFCE4AE1}.Release|Any CPU.Build.0 = Release|Any CPU
		{D6968BAD-820F-46F2-938F-F660FFCE4AE1}.Release|x64.ActiveCfg = Release|Any CPU
		{D6968BAD-820F-46F2-938F-F660FFCE4AE1}.Release|x64.Build.0 = Release|Any CPU
		{D6968BAD-820F-46F2-938F-F660FFCE4AE1}.Release|x86.ActiveCfg = Release|Any CPU
		{D6968BAD-820F-46F2-938F-F660FFCE4AE1}.Release|x86.Build.0 = Release|Any CPU
		{B3020FCA-A552-46A6-9992-980FD930EDC0}.Debug|Any CPU.ActiveCfg = Debug|Any CPU
		{B3020FCA-A552-46A6-9992-980FD930EDC0}.Debug|Any CPU.Build.0 = Debug|Any CPU
		{B3020FCA-A552-46A6-9992-980FD930EDC0}.Debug|x64.ActiveCfg = Debug|Any CPU
		{B3020FCA-A552-46A6-9992-980FD930EDC0}.Debug|x64.Build.0 = Debug|Any CPU
		{B3020FCA-A552-46A6-9992-980FD930EDC0}.Debug|x86.ActiveCfg = Debug|Any CPU
		{B3020FCA-A552-46A6-9992-980FD930EDC0}.Debug|x86.Build.0 = Debug|Any CPU
		{B3020FCA-A552-46A6-9992-980FD930EDC0}.Release|Any CPU.ActiveCfg = Release|Any CPU
		{B3020FCA-A552-46A6-9992-980FD930EDC0}.Release|Any CPU.Build.0 = Release|Any CPU
		{B3020FCA-A552-46A6-9992-980FD930EDC0}.Release|x64.ActiveCfg = Release|Any CPU
		{B3020FCA-A552-46A6-9992-980FD930EDC0}.Release|x64.Build.0 = Release|Any CPU
		{B3020FCA-A552-46A6-9992-980FD930EDC0}.Release|x86.ActiveCfg = Release|Any CPU
		{B3020FCA-A552-46A6-9992-980FD930EDC0}.Release|x86.Build.0 = Release|Any CPU
		{A830925E-DCC1-4B52-BED4-05D3DFE19593}.Debug|Any CPU.ActiveCfg = Debug|Any CPU
		{A830925E-DCC1-4B52-BED4-05D3DFE19593}.Debug|Any CPU.Build.0 = Debug|Any CPU
		{A830925E-DCC1-4B52-BED4-05D3DFE19593}.Debug|x64.ActiveCfg = Debug|Any CPU
		{A830925E-DCC1-4B52-BED4-05D3DFE19593}.Debug|x64.Build.0 = Debug|Any CPU
		{A830925E-DCC1-4B52-BED4-05D3DFE19593}.Debug|x86.ActiveCfg = Debug|Any CPU
		{A830925E-DCC1-4B52-BED4-05D3DFE19593}.Debug|x86.Build.0 = Debug|Any CPU
		{A830925E-DCC1-4B52-BED4-05D3DFE19593}.Release|Any CPU.ActiveCfg = Release|Any CPU
		{A830925E-DCC1-4B52-BED4-05D3DFE19593}.Release|Any CPU.Build.0 = Release|Any CPU
		{A830925E-DCC1-4B52-BED4-05D3DFE19593}.Release|x64.ActiveCfg = Release|Any CPU
		{A830925E-DCC1-4B52-BED4-05D3DFE19593}.Release|x64.Build.0 = Release|Any CPU
		{A830925E-DCC1-4B52-BED4-05D3DFE19593}.Release|x86.ActiveCfg = Release|Any CPU
		{A830925E-DCC1-4B52-BED4-05D3DFE19593}.Release|x86.Build.0 = Release|Any CPU
		{31E7B646-139D-4196-94EC-2179B0FABD1E}.Debug|Any CPU.ActiveCfg = Debug|Any CPU
		{31E7B646-139D-4196-94EC-2179B0FABD1E}.Debug|Any CPU.Build.0 = Debug|Any CPU
		{31E7B646-139D-4196-94EC-2179B0FABD1E}.Debug|x64.ActiveCfg = Debug|Any CPU
		{31E7B646-139D-4196-94EC-2179B0FABD1E}.Debug|x64.Build.0 = Debug|Any CPU
		{31E7B646-139D-4196-94EC-2179B0FABD1E}.Debug|x86.ActiveCfg = Debug|Any CPU
		{31E7B646-139D-4196-94EC-2179B0FABD1E}.Debug|x86.Build.0 = Debug|Any CPU
		{31E7B646-139D-4196-94EC-2179B0FABD1E}.Release|Any CPU.ActiveCfg = Release|Any CPU
		{31E7B646-139D-4196-94EC-2179B0FABD1E}.Release|Any CPU.Build.0 = Release|Any CPU
		{31E7B646-139D-4196-94EC-2179B0FABD1E}.Release|x64.ActiveCfg = Release|Any CPU
		{31E7B646-139D-4196-94EC-2179B0FABD1E}.Release|x64.Build.0 = Release|Any CPU
		{31E7B646-139D-4196-94EC-2179B0FABD1E}.Release|x86.ActiveCfg = Release|Any CPU
		{31E7B646-139D-4196-94EC-2179B0FABD1E}.Release|x86.Build.0 = Release|Any CPU
	EndGlobalSection
	GlobalSection(SolutionProperties) = preSolution
		HideSolutionNode = FALSE
	EndGlobalSection
	GlobalSection(NestedProjects) = preSolution
		{F2619F55-2D31-47BF-BEEE-2ACE49B38DB6} = {827E0CD3-B72D-47B6-A68D-7590B98EB39B}
		{C89F577F-87D9-4A72-A483-7D38A77703E8} = {827E0CD3-B72D-47B6-A68D-7590B98EB39B}
		{FEDB8579-6FD6-4796-B74E-716123655BC7} = {827E0CD3-B72D-47B6-A68D-7590B98EB39B}
		{0BFDB687-E121-47C8-9727-A9F979B818DB} = {827E0CD3-B72D-47B6-A68D-7590B98EB39B}
		{93412B94-56E1-42EB-8D0C-393CE95262AE} = {827E0CD3-B72D-47B6-A68D-7590B98EB39B}
		{D6968BAD-820F-46F2-938F-F660FFCE4AE1} = {827E0CD3-B72D-47B6-A68D-7590B98EB39B}
		{B3020FCA-A552-46A6-9992-980FD930EDC0} = {827E0CD3-B72D-47B6-A68D-7590B98EB39B}
		{A830925E-DCC1-4B52-BED4-05D3DFE19593} = {827E0CD3-B72D-47B6-A68D-7590B98EB39B}
		{31E7B646-139D-4196-94EC-2179B0FABD1E} = {0AB3BF05-4346-4AA6-1389-037BE0695223}
	EndGlobalSection
EndGlobal
